# THIS IS AN AUTOGENERATED FILE. DO NOT EDIT THIS FILE DIRECTLY.
assets/.env:
  development: 2018-06-14T15:01:58-04:00   6b49caa7cca4fa6326e4acd99655075c
assets/ajax-loader.gif:
  development: 2018-05-08T10:14:21-04:00   deca8b0ecd6974227d157b6d7068995d
assets/gels-modal.css:
  development: 2018-06-04T14:10:13-04:00
assets/gift-card.js:
  development: 2018-05-08T10:14:21-04:00   5f64ba6cb76fbcd82773489d51785bf1
assets/gift-card.scss.liquid:
  development: 2018-05-25T00:10:46-04:00   74b364eb91780756b72726fb1d194838
assets/ico-select.svg.liquid:
  development: 2018-05-08T10:14:21-04:00   28de0c672609528b7c55f6f47810784b
assets/lazysizes.js:
  development: 2018-05-08T10:14:21-04:00   a27b15d827d7a26f9fa58fb6b4f9d4b6
assets/mailer.js:
  development: 2018-06-14T16:01:12-04:00   a2d9741a928f7767e2cc2e32c78dc62b
assets/match-media.min.js:
  development: 2018-05-08T10:14:21-04:00   d0bf06c458a236dcca39b3be8cf80ec5
assets/package-lock.json:
  development: 2018-06-14T14:51:40-04:00   52ccea3f51b7af2628f405e48925024d
assets/package.json:
  development: 2018-06-14T14:52:27-04:00   b6ddd870a60f6669e521b6d5f6248092
assets/password.js:
  development: 2018-05-08T10:14:21-04:00   d826da9cb223a44d53a0c34f457e92dc
assets/theme.js:
  development: 2018-06-08T17:58:38-04:00   4a229a2a6d71be95777bb372201fe56e
assets/theme.scss.liquid:
  development: 2018-06-16T01:04:14-04:00   0ed30c8ee56f76439a4287307434d66c
assets/vendor.js:
  development: 2018-05-08T10:14:22-04:00   465fb5b94497c1cdcd55ba6cb04ffeb2
config/settings_schema.json:
  development: 2018-06-15T14:56:01-04:00   ab77d6bc7d7463746f8dcd7316ddb6ac
layout/gift_card.liquid:
  development: 2018-06-01T17:44:34-04:00   3b56c82c43fcd1c893438c79b9ec933f
layout/password.liquid:
  development: 2018-05-30T16:30:48-04:00   c3fc5cd3dd53d0ddc62bb50e2f875635
layout/theme.liquid:
  development: 2018-06-15T14:55:50-04:00   03d2467153b7c33f169c10810e18f2c6
locales/de.json:
  development: 2018-06-15T14:55:26-04:00   a8d5a1c84f4641c79ed995c97ea9a261
locales/en.default.json:
  development: 2018-06-15T15:00:49-04:00   a163a16df1cca48304ce1f3e760e5fae
locales/es.json:
  development: 2018-06-15T14:55:40-04:00   322baab3459fd6a4552bad5b727b426f
locales/fr.json:
  development: 2018-06-15T14:55:28-04:00   58684db7195d3860ef081338a8ec0744
locales/it.json:
  development: 2018-06-15T14:55:43-04:00   7e22da3cce358cbf985be7f85d1e1e08
locales/ja.json:
  development: 2018-06-15T14:55:07-04:00   e951f77cfaa4666e16374ec9ed7141bf
locales/pt-BR.json:
  development: 2018-06-15T14:56:07-04:00   eb2d74b643211045a5c45d83c2c9b7b1
locales/pt-PT.json:
  development: 2018-06-15T14:55:48-04:00   2b54e5bf20077765fc5ec74c3f005182
sections/article-template.liquid:
  development: 2018-06-15T14:56:07-04:00   ccfd28597ea1b8927b03262a3a1f248b
sections/blog-template.liquid:
  development: 2018-05-08T10:14:19-04:00   b271843a318751c33bb4804eee7c1479
sections/cart-template.liquid:
  development: 2018-06-08T17:51:11-04:00   4e7e7ed314614629c439cd632b43393c
sections/collection-list.liquid:
  development: 2018-06-15T14:56:04-04:00   52e8d8f67436376a7898e66e01e3093a
sections/collection-template.liquid:
  development: 2018-06-15T14:55:57-04:00   cae7987ab5b77479601d859b9a9b6e14
sections/collection.liquid:
  development: 2018-06-10T01:30:38-04:00   219efd1698a44cc8170a5bfd41c34886
sections/custom-content.liquid:
  development: 2018-06-15T14:55:56-04:00   509ef78ee4a71d38c001e6326f729238
sections/feature-columns.liquid:
  development: 2018-06-15T14:55:30-04:00   b875de4a1b8756948b6875543844a7c7
sections/feature-row.liquid:
  development: 2018-06-15T14:55:39-04:00   0956bba8208fce7fa4cd8fc7a6ef0b0f
sections/featured-blog.liquid:
  development: 2018-06-15T14:55:11-04:00   934bea390cfae4ebbbcc67a5a1b6ba8a
sections/featured-product.liquid:
  development: 2018-06-15T14:55:31-04:00   e63cdaa61accb4fc4597b227098bb5b2
sections/footer.liquid:
  development: 2018-06-15T16:08:15-04:00   335c1f4f20fd48b8c46ffdbed04f01be
sections/header.liquid:
  development: 2018-06-15T14:55:32-04:00   ec2c2a633fcca6b27b46290a8533f7e1
sections/hero.liquid:
  development: 2018-06-15T14:55:57-04:00   b75948d15b81b97297a923bc6ed33fc4
sections/image-bar.liquid:
  development: 2018-06-15T14:55:19-04:00   7b00dff3ab435ef3a663a146cf6c3649
sections/list-collections-template.liquid:
  development: 2018-06-13T09:59:18-04:00   0c8ae47c56897ba73d4ecc1a084bd537
sections/logo-bar.liquid:
  development: 2018-06-15T14:55:34-04:00   9068a436bb57d2e788194ed01ef9ebe2
sections/map.liquid:
  development: 2018-06-15T14:55:27-04:00   d50800efe53a8260e3f6926f21cbf77c
sections/newsletter.liquid:
  development: 2018-06-15T14:55:48-04:00   870fcc5d9c46e216f491502d30de0dcf
sections/password-content.liquid:
  development: 2018-06-15T14:55:28-04:00   91553a991c4bc3d602cf2675a6793251
sections/password-footer.liquid:
  development: 2018-06-15T14:55:20-04:00   df7edbf9dfb6fd10b604392a70a3aecb
sections/password-header.liquid:
  development: 2018-06-15T14:55:40-04:00   2f768874e4de2c482cec2f6fb646b4c0
sections/product-template.liquid:
  development: 2018-06-15T14:55:08-04:00   1ae02a4f28885eb3b7ab77f02b65b37e
sections/quotes.liquid:
  development: 2018-06-15T14:56:10-04:00   70e88d0bab28637bf601aeaf50b6836c
sections/related-products.liquid:
  development: 2018-06-13T08:44:18-04:00   211a1e89c586cda41fbc4654824ac198
sections/rent.liquid:
  development: 2018-06-10T01:31:43-04:00   542951f286a1154fafee971367902b09
sections/rich-text.liquid:
  development: 2018-06-15T14:55:16-04:00   b174b4355b74dad2ed0de03a3d42aaad
sections/slideshow.liquid:
  development: 2018-06-15T14:55:24-04:00   ecf2250c5562e8947b21df280b39d327
snippets/bgset.liquid:
  development: 2018-05-08T10:14:22-04:00   85889bbc39b57621f32fad66317366fc
snippets/calendar.liquid:
  development: 2018-06-15T16:45:31-04:00   50c29865a5c2fd153f207273688bba50
snippets/collection-grid-item.liquid:
  development: 2018-05-25T00:10:47-04:00   a8289cb017c432e34d985124fbbcc6bb
snippets/comment.liquid:
  development: 2018-05-08T10:14:22-04:00   50406c82467014e1bbe15a62685b2536
snippets/delivery-date.liquid:
  development: 2018-06-11T07:14:20-04:00   97bccde97d84e80bc6a24ec9c4120cca
snippets/google-fonts.liquid:
  development: 2018-05-08T10:14:22-04:00   377ddc183ac7882100f47299bb8e0467
snippets/icon-amazon_payments.liquid:
  development: 2018-05-08T10:14:22-04:00   f1ad8ba26dd5b98117703ede5357e408
snippets/icon-american_express.liquid:
  development: 2018-05-08T10:14:22-04:00   9da829decce6867b8de60a183c94d099
snippets/icon-apple_pay.liquid:
  development: 2018-05-08T10:14:23-04:00   e82e7acc46479ea2173926f8fad55db0
snippets/icon-arrow-left.liquid:
  development: 2018-05-08T10:14:23-04:00   5abf8c4c69967103f685014dcc88a6e7
snippets/icon-arrow-right.liquid:
  development: 2018-05-08T10:14:23-04:00   45f24673c43655e9275d1ba99d814374
snippets/icon-bitcoin.liquid:
  development: 2018-05-08T10:14:23-04:00   d8cb31e0401818c1cb852348b6f27420
snippets/icon-cart.liquid:
  development: 2018-05-08T10:14:23-04:00   c9de61c7db365e0090f7ca5423b633e6
snippets/icon-chevron-down.liquid:
  development: 2018-05-08T10:14:23-04:00   7d3a8cd08370aa9d2a88ae542446a181
snippets/icon-chevron-left.liquid:
  development: 2018-05-08T10:14:23-04:00   6290d56c32e8ac47abe4a4f4d90ed032
snippets/icon-chevron-right.liquid:
  development: 2018-05-08T10:14:23-04:00   41842e53e7b826a0d260e2ccffbfdab1
snippets/icon-chevron-up.liquid:
  development: 2018-05-08T10:14:23-04:00   4df1e02c8789418fc53d48e2913daf49
snippets/icon-cirrus.liquid:
  development: 2018-05-08T10:14:23-04:00   fcbd6ce7e38d7946c921c8ed6ad5ca71
snippets/icon-close.liquid:
  development: 2018-05-08T10:14:23-04:00   a04fce17a63e760b9bce76768ee29feb
snippets/icon-dankort.liquid:
  development: 2018-05-08T10:14:23-04:00   796e1e822b3e46784d303b48c9db5b29
snippets/icon-diners_club.liquid:
  development: 2018-05-08T10:14:23-04:00   cf70ea54486bb14c286264f90dab9ff8
snippets/icon-discover.liquid:
  development: 2018-05-08T10:14:23-04:00   b43221b39bc3df37f7e6c7810d3e54d8
snippets/icon-dogecoin.liquid:
  development: 2018-05-08T10:14:23-04:00   6a35f5db9eb93d1ed563c6989ff30798
snippets/icon-dwolla.liquid:
  development: 2018-05-08T10:14:23-04:00   aeb86f67aad84adaf7635d2043cb89a9
snippets/icon-facebook.liquid:
  development: 2018-05-08T10:14:23-04:00   334588042b292f2d7335fd2791c35eca
snippets/icon-forbrugsforeningen.liquid:
  development: 2018-05-08T10:14:23-04:00   ff962a94f23046340766c215b0f14a52
snippets/icon-google_pay.liquid:
  development: 2018-05-08T10:14:23-04:00   b66e7e8ec5851e74bcbd8fda45ef1a5a
snippets/icon-hamburger.liquid:
  development: 2018-05-08T10:14:23-04:00   559577e06ff14924311cfe2642e8b765
snippets/icon-instagram.liquid:
  development: 2018-05-08T10:14:23-04:00   bf50214819f6e2a5f053593e2414526d
snippets/icon-interac.liquid:
  development: 2018-05-08T10:14:24-04:00   24c4d22a98c0574c32fc02fe39e34b80
snippets/icon-jcb.liquid:
  development: 2018-05-08T10:14:24-04:00   275259ce80a1b368d0e5afcf7d6bb6f3
snippets/icon-klarna.liquid:
  development: 2018-05-08T10:14:24-04:00   9faa80c27e5612a01f9f0f9fc3ad3d6f
snippets/icon-laser.liquid:
  development: 2018-05-08T10:14:24-04:00   bd1a0ecfe958b6a6e84bf80e0669a6da
snippets/icon-litecoin.liquid:
  development: 2018-05-08T10:14:24-04:00   051dfcb36fa17b532a087b12f0a49e0e
snippets/icon-lock.liquid:
  development: 2018-05-08T10:14:24-04:00   60ae7ba03d14efa582faed8855821a58
snippets/icon-login.liquid:
  development: 2018-05-08T10:14:24-04:00   9a74bdaac402576390ca1dbdc9e7869c
snippets/icon-maestro.liquid:
  development: 2018-05-08T10:14:24-04:00   b987e558ecad607661489939ec8ca524
snippets/icon-master.liquid:
  development: 2018-05-08T10:14:24-04:00   7be93970b63c2fd0e2b319a35c00a9d7
snippets/icon-minus.liquid:
  development: 2018-05-08T10:14:24-04:00   78c513424d498299e865f8a242823ad0
snippets/icon-pause.liquid:
  development: 2018-05-08T10:14:24-04:00   99e785a63af3ab0a7ccd9c5551ea8910
snippets/icon-paypal.liquid:
  development: 2018-05-08T10:14:24-04:00   1b0d7db160b229b8519cccf2514ee676
snippets/icon-pin.liquid:
  development: 2018-05-08T10:14:24-04:00   694162388571d6142ec30bc299d8ac91
snippets/icon-pinterest.liquid:
  development: 2018-05-08T10:14:24-04:00   701f2a785b3fa83d63e3ab54af060031
snippets/icon-play-video.liquid:
  development: 2018-05-08T10:14:24-04:00   f0b736a271f33b83b319b2d04e61aa2b
snippets/icon-play.liquid:
  development: 2018-05-08T10:14:24-04:00   31ff2901a9fd0f32ebc4c05748e7aa5d
snippets/icon-plus.liquid:
  development: 2018-05-08T10:14:24-04:00   ba5297f64eb7ea97f1785e8166e11231
snippets/icon-quote.liquid:
  development: 2018-05-08T10:14:24-04:00   e710949f7a142dfc3c4fac15c33bb2fa
snippets/icon-rss.liquid:
  development: 2018-05-08T10:14:24-04:00   6493d6bcb850513a55823d4ff62b0f8b
snippets/icon-search.liquid:
  development: 2018-05-08T10:14:24-04:00   7a6bf8d43770ed3a16cb22001718b87e
snippets/icon-shopify-logo.liquid:
  development: 2018-05-08T10:14:24-04:00   3f0b70f9e01be5b25507d25a732ecde7
snippets/icon-shopify_pay.liquid:
  development: 2018-05-08T10:14:24-04:00   0af2d9a3a7f1b14dfc11f8e4b9746c2d
snippets/icon-snapchat.liquid:
  development: 2018-05-08T10:14:24-04:00   9ed6937e3232c9034976be2b8ed9f673
snippets/icon-stripe.liquid:
  development: 2018-05-08T10:14:24-04:00   208713954dff9de98f800df59763615d
snippets/icon-tumblr.liquid:
  development: 2018-05-08T10:14:25-04:00   d71a4ada77a8a9b6bd792bdafef393de
snippets/icon-twitter.liquid:
  development: 2018-05-08T10:14:25-04:00   24047c22697a23a0baabf2804adc6c11
snippets/icon-vimeo.liquid:
  development: 2018-05-08T10:14:25-04:00   a229ed8a1a81e6ef95ad621f8a34efb6
snippets/icon-visa.liquid:
  development: 2018-05-08T10:14:25-04:00   9098533cd59e385d2672f6d8b7fa4b04
snippets/icon-youtube.liquid:
  development: 2018-05-08T10:14:25-04:00   9d72c5bc3eaa14a3e7aefd921881b1ae
snippets/image-style.liquid:
  development: 2018-05-08T10:14:25-04:00   2d807ad1f4831d306d8e190b89d45c00
snippets/no-blocks.liquid:
  development: 2018-05-08T10:14:25-04:00   0cb7d758b6df0feb07ae5804b4b627fa
snippets/pagination.liquid:
  development: 2018-05-25T00:10:48-04:00   f1bed42e00217d26e9e639ff2ecdbb30
snippets/product-card-grid.liquid:
  development: 2018-05-25T00:10:48-04:00   48217ab0cd5278af204214b7f76aad97
snippets/product-card-list.liquid:
  development: 2018-05-25T00:10:48-04:00   3648a6b9d38eadbef692937522b05b7f
snippets/product-price.liquid:
  development: 2018-05-25T00:10:48-04:00   2aea48aec79add891ff0d81bce4bbc59
snippets/search-form.liquid:
  development: 2018-05-08T10:14:25-04:00   28a50f2542fd28c27fd3eb50ae816c46
snippets/site-nav.liquid:
  development: 2018-05-08T10:14:25-04:00   e819933ae7740eda0987c3bc6d5f8928
snippets/social-meta-tags.liquid:
  development: 2018-05-08T10:14:25-04:00   ae9e213401623b2601abf0ace8e21537
snippets/social-sharing.liquid:
  development: 2018-05-08T10:14:25-04:00   011dd5c58fa718c8016b784f2d9fa92b
templates/404.liquid:
  development: 2018-05-08T10:14:25-04:00   805b16263cdf5c85be9c507ad6b03623
templates/article.liquid:
  development: 2018-05-08T10:14:25-04:00   7c31b2aef34a1be542f39efb9e24c13b
templates/blog.liquid:
  development: 2018-05-08T10:14:25-04:00   2d9763b480fe6879080163b1e0e33e54
templates/cart.liquid:
  development: 2018-06-08T18:58:26-04:00   60d106ea8921e0c44a5d1374bb9262e7
templates/collection.liquid:
  development: 2018-05-08T10:14:25-04:00   5db0256874fca1cc72a6f068888fe095
templates/customers/account.liquid:
  development: 2018-05-08T10:14:25-04:00   2150e58e96e6435f4449d4a71b395aa6
templates/customers/activate_account.liquid:
  development: 2018-05-08T10:14:25-04:00   a72f8d3b00650f7123113ca3eb2bb14b
templates/customers/addresses.liquid:
  development: 2018-05-08T10:14:25-04:00   a508c1aa90931dc76ac24321d7921298
templates/customers/login.liquid:
  development: 2018-05-08T10:14:25-04:00   b510dc58805428ee890cbe2d33acf89d
templates/customers/order.liquid:
  development: 2018-05-08T10:14:26-04:00   e6fc7179a5a3904781b3847d8ef8c0f7
templates/customers/register.liquid:
  development: 2018-05-08T10:14:26-04:00   d5ff2b8c829efba767ccf98366beae51
templates/customers/reset_password.liquid:
  development: 2018-05-08T10:14:26-04:00   b1a5600ded81661c31216b8d020eabab
templates/gift_card.liquid:
  development: 2018-05-08T10:14:26-04:00   3bd04b2b964e6a974a7473eaecd94feb
templates/index.liquid:
  development: 2018-05-08T10:14:26-04:00   56b51b6f96394db4b17c64b43e1c0010
templates/list-collections.liquid:
  development: 2018-05-08T10:14:26-04:00   d42f6d6957169811896f646709d353d9
templates/page.contact.liquid:
  development: 2018-06-04T11:10:29-04:00   e5ad157804a0b23ba6387683e308dfe0
templates/page.liquid:
  development: 2018-06-09T16:01:14-04:00   49a0452b3d3b6d367b8e01c03441e144
templates/page.rent.liquid:
  development: 2018-06-11T20:36:24-04:00   c745fe0a717dc42d09a3e381b5dfbac9
templates/password.liquid:
  development: 2018-06-15T08:41:44-04:00   286c9a768dde79c7051d49ffb5aa53ee
templates/product.liquid:
  development: 2018-06-15T14:55:37-04:00   784ffe0c70fa84e59448bd4e2b1c3487
templates/search.liquid:
  development: 2018-05-25T00:10:48-04:00   493d2c309fec8cc0c9bda8be3684c667
